PODS:
  - Masonry (1.1.0)
  - NinePatchKit (2.0)

DEPENDENCIES:
  - Masonry
  - NinePatchKit (from `.`)

SPEC REPOS:
  trunk:
    - Masonry

EXTERNAL SOURCES:
  NinePatchKit:
    :path: "."

SPEC CHECKSUMS:
  Masonry: 678fab65091a9290e40e2832a55e7ab731aad201
  NinePatchKit: a0910a2a393463da7d6ecca30d04b092af6f6e95

PODFILE CHECKSUM: 6baf166e7da28fe5e86eb847a56223e327a1167a

COCOAPODS: 1.11.3
